Microsoft Visual Studio Solution File, Format Version 12.00
# Visual Studio Version 17
VisualStudioVersion = 17.5.2.0
MinimumVisualStudioVersion = 10.0.40219.1
Project("{FAE04EC0-301F-11D3-BF4B-00C04F79EFBC}") = "apesa_test", "apesa_test\apesa_test.csproj", "{3F36EDFF-38CC-4F4B-AB81-8F8BA41112D2}"
EndProject
Project("{FAE04EC0-301F-11D3-BF4B-00C04F79EFBC}") = "TestProducts", "TestProducts\TestProducts.csproj", "{FD563597-DA78-403B-B588-8172BE124607}"
EndProject
Global
	GlobalSection(SolutionConfigurationPlatforms) = preSolution
		Debug|Any CPU = Debug|Any CPU
		Release|Any CPU = Release|Any CPU
	EndGlobalSection
	GlobalSection(ProjectConfigurationPlatforms) = postSolution
		{3F36EDFF-38CC-4F4B-AB81-8F8BA41112D2}.Debug|Any CPU.ActiveCfg = Debug|Any CPU
		{3F36EDFF-38CC-4F4B-AB81-8F8BA41112D2}.Debug|Any CPU.Build.0 = Debug|Any CPU
		{3F36EDFF-38CC-4F4B-AB81-8F8BA41112D2}.Release|Any CPU.ActiveCfg = Release|Any CPU
		{3F36EDFF-38CC-4F4B-AB81-8F8BA41112D2}.Release|Any CPU.Build.0 = Release|Any CPU
		{FD563597-DA78-403B-B588-8172BE124607}.Debug|Any CPU.ActiveCfg = Debug|Any CPU
		{FD563597-DA78-403B-B588-8172BE124607}.Debug|Any CPU.Build.0 = Debug|Any CPU
		{FD563597-DA78-403B-B588-8172BE124607}.Release|Any CPU.ActiveCfg = Release|Any CPU
		{FD563597-DA78-403B-B588-8172BE124607}.Release|Any CPU.Build.0 = Release|Any CPU
	EndGlobalSection
	GlobalSection(SolutionProperties) = preSolution
		HideSolutionNode = FALSE
	EndGlobalSection
	GlobalSection(ExtensibilityGlobals) = postSolution
		SolutionGuid = {441687DC-293A-4607-B402-AB65783E25A8}
	EndGlobalSection
EndGlobal
